
Microsoft Visual Studio Solution File, Format Version 12.00
# Visual Studio Version 16
VisualStudioVersion = 16.0.30330.147
MinimumVisualStudioVersion = 10.0.40219.1
Project("{FAE04EC0-301F-11D3-BF4B-00C04F79EFBC}") = "AutomatedWorker", "AutomatedWorker.csproj", "{17264D8C-CF5A-4032-9E70-090525D574F2}"
EndProject
Project("{FAE04EC0-301F-11D3-BF4B-00C04F79EFBC}") = "Interceptor", "Interceptor\Interceptor.csproj", "{C451A00E-77F1-4F3F-B7EE-27DC712EA316}"
EndProject
Project("{FAE04EC0-301F-11D3-BF4B-00C04F79EFBC}") = "JobData", "JobData\JobData.csproj", "{14BA9768-7A9B-4ECF-B010-0B8168CEC18C}"
EndProject
Project("{FAE04EC0-301F-11D3-BF4B-00C04F79EFBC}") = "JobRunner", "JobRunner\JobRunner.csproj", "{153EB51C-4B8E-46DE-9C82-B12D09FF5E0E}"
EndProject
Project("{FAE04EC0-301F-11D3-BF4B-00C04F79EFBC}") = "JsonFlatFileDataStore", "JsonFlatFileDataStore\JsonFlatFileDataStore.csproj", "{0379F388-73E0-49E5-A031-DD4789ADC95F}"
EndProject
Project("{FAE04EC0-301F-11D3-BF4B-00C04F79EFBC}") = "EventHook", "EventHook\EventHook.csproj", "{0DBB4A00-4649-41DB-9B30-8249EAB0F535}"
EndProject
Project("{8BC9CEB8-8B4A-11D0-8D11-00A0C91BC942}") = "HidDevice", "HidDevice\HidDevice.vcxproj", "{3547B08A-1787-4950-98BD-D9317DF4CFAC}"
EndProject
Global
	GlobalSection(SolutionConfigurationPlatforms) = preSolution
		Debug|Any CPU = Debug|Any CPU
		Debug|x64 = Debug|x64
		Debug|x86 = Debug|x86
		Release|Any CPU = Release|Any CPU
		Release|x64 = Release|x64
		Release|x86 = Release|x86
	EndGlobalSection
	GlobalSection(ProjectConfigurationPlatforms) = postSolution
		{17264D8C-CF5A-4032-9E70-090525D574F2}.Debug|Any CPU.ActiveCfg = Debug|Any CPU
		{17264D8C-CF5A-4032-9E70-090525D574F2}.Debug|Any CPU.Build.0 = Debug|Any CPU
		{17264D8C-CF5A-4032-9E70-090525D574F2}.Debug|x64.ActiveCfg = Debug|Any CPU
		{17264D8C-CF5A-4032-9E70-090525D574F2}.Debug|x64.Build.0 = Debug|Any CPU
		{17264D8C-CF5A-4032-9E70-090525D574F2}.Debug|x86.ActiveCfg = Debug|Any CPU
		{17264D8C-CF5A-4032-9E70-090525D574F2}.Debug|x86.Build.0 = Debug|Any CPU
		{17264D8C-CF5A-4032-9E70-090525D574F2}.Release|Any CPU.ActiveCfg = Release|Any CPU
		{17264D8C-CF5A-4032-9E70-090525D574F2}.Release|Any CPU.Build.0 = Release|Any CPU
		{17264D8C-CF5A-4032-9E70-090525D574F2}.Release|x64.ActiveCfg = Release|Any CPU
		{17264D8C-CF5A-4032-9E70-090525D574F2}.Release|x64.Build.0 = Release|Any CPU
		{17264D8C-CF5A-4032-9E70-090525D574F2}.Release|x86.ActiveCfg = Release|Any CPU
		{17264D8C-CF5A-4032-9E70-090525D574F2}.Release|x86.Build.0 = Release|Any CPU
		{C451A00E-77F1-4F3F-B7EE-27DC712EA316}.Debug|Any CPU.ActiveCfg = Debug|Any CPU
		{C451A00E-77F1-4F3F-B7EE-27DC712EA316}.Debug|Any CPU.Build.0 = Debug|Any CPU
		{C451A00E-77F1-4F3F-B7EE-27DC712EA316}.Debug|x64.ActiveCfg = Debug|Any CPU
		{C451A00E-77F1-4F3F-B7EE-27DC712EA316}.Debug|x64.Build.0 = Debug|Any CPU
		{C451A00E-77F1-4F3F-B7EE-27DC712EA316}.Debug|x86.ActiveCfg = Debug|Any CPU
		{C451A00E-77F1-4F3F-B7EE-27DC712EA316}.Debug|x86.Build.0 = Debug|Any CPU
		{C451A00E-77F1-4F3F-B7EE-27DC712EA316}.Release|Any CPU.ActiveCfg = Release|Any CPU
		{C451A00E-77F1-4F3F-B7EE-27DC712EA316}.Release|Any CPU.Build.0 = Release|Any CPU
		{C451A00E-77F1-4F3F-B7EE-27DC712EA316}.Release|x64.ActiveCfg = Release|Any CPU
		{C451A00E-77F1-4F3F-B7EE-27DC712EA316}.Release|x64.Build.0 = Release|Any CPU
		{C451A00E-77F1-4F3F-B7EE-27DC712EA316}.Release|x86.ActiveCfg = Release|Any CPU
		{C451A00E-77F1-4F3F-B7EE-27DC712EA316}.Release|x86.Build.0 = Release|Any CPU
		{14BA9768-7A9B-4ECF-B010-0B8168CEC18C}.Debug|Any CPU.ActiveCfg = Debug|Any CPU
		{14BA9768-7A9B-4ECF-B010-0B8168CEC18C}.Debug|Any CPU.Build.0 = Debug|Any CPU
		{14BA9768-7A9B-4ECF-B010-0B8168CEC18C}.Debug|x64.ActiveCfg = Debug|Any CPU
		{14BA9768-7A9B-4ECF-B010-0B8168CEC18C}.Debug|x64.Build.0 = Debug|Any CPU
		{14BA9768-7A9B-4ECF-B010-0B8168CEC18C}.Debug|x86.ActiveCfg = Debug|Any CPU
		{14BA9768-7A9B-4ECF-B010-0B8168CEC18C}.Debug|x86.Build.0 = Debug|Any CPU
		{14BA9768-7A9B-4ECF-B010-0B8168CEC18C}.Release|Any CPU.ActiveCfg = Release|Any CPU
		{14BA9768-7A9B-4ECF-B010-0B8168CEC18C}.Release|Any CPU.Build.0 = Release|Any CPU
		{14BA9768-7A9B-4ECF-B010-0B8168CEC18C}.Release|x64.ActiveCfg = Release|Any CPU
		{14BA9768-7A9B-4ECF-B010-0B8168CEC18C}.Release|x64.Build.0 = Release|Any CPU
		{14BA9768-7A9B-4ECF-B010-0B8168CEC18C}.Release|x86.ActiveCfg = Release|Any CPU
		{14BA9768-7A9B-4ECF-B010-0B8168CEC18C}.Release|x86.Build.0 = Release|Any CPU
		{153EB51C-4B8E-46DE-9C82-B12D09FF5E0E}.Debug|Any CPU.ActiveCfg = Debug|Any CPU
		{153EB51C-4B8E-46DE-9C82-B12D09FF5E0E}.Debug|Any CPU.Build.0 = Debug|Any CPU
		{153EB51C-4B8E-46DE-9C82-B12D09FF5E0E}.Debug|x64.ActiveCfg = Debug|Any CPU
		{153EB51C-4B8E-46DE-9C82-B12D09FF5E0E}.Debug|x64.Build.0 = Debug|Any CPU
		{153EB51C-4B8E-46DE-9C82-B12D09FF5E0E}.Debug|x86.ActiveCfg = Debug|Any CPU
		{153EB51C-4B8E-46DE-9C82-B12D09FF5E0E}.Debug|x86.Build.0 = Debug|Any CPU
		{153EB51C-4B8E-46DE-9C82-B12D09FF5E0E}.Release|Any CPU.ActiveCfg = Release|Any CPU
		{153EB51C-4B8E-46DE-9C82-B12D09FF5E0E}.Release|Any CPU.Build.0 = Release|Any CPU
		{153EB51C-4B8E-46DE-9C82-B12D09FF5E0E}.Release|x64.ActiveCfg = Release|Any CPU
		{153EB51C-4B8E-46DE-9C82-B12D09FF5E0E}.Release|x64.Build.0 = Release|Any CPU
		{153EB51C-4B8E-46DE-9C82-B12D09FF5E0E}.Release|x86.ActiveCfg = Release|Any CPU
		{153EB51C-4B8E-46DE-9C82-B12D09FF5E0E}.Release|x86.Build.0 = Release|Any CPU
		{0379F388-73E0-49E5-A031-DD4789ADC95F}.Debug|Any CPU.ActiveCfg = Debug|Any CPU
		{0379F388-73E0-49E5-A031-DD4789ADC95F}.Debug|Any CPU.Build.0 = Debug|Any CPU
		{0379F388-73E0-49E5-A031-DD4789ADC95F}.Debug|x64.ActiveCfg = Debug|Any CPU
		{0379F388-73E0-49E5-A031-DD4789ADC95F}.Debug|x64.Build.0 = Debug|Any CPU
		{0379F388-73E0-49E5-A031-DD4789ADC95F}.Debug|x86.ActiveCfg = Debug|Any CPU
		{0379F388-73E0-49E5-A031-DD4789ADC95F}.Debug|x86.Build.0 = Debug|Any CPU
		{0379F388-73E0-49E5-A031-DD4789ADC95F}.Release|Any CPU.ActiveCfg = Release|Any CPU
		{0379F388-73E0-49E5-A031-DD4789ADC95F}.Release|Any CPU.Build.0 = Release|Any CPU
		{0379F388-73E0-49E5-A031-DD4789ADC95F}.Release|x64.ActiveCfg = Release|Any CPU
		{0379F388-73E0-49E5-A031-DD4789ADC95F}.Release|x64.Build.0 = Release|Any CPU
		{0379F388-73E0-49E5-A031-DD4789ADC95F}.Release|x86.ActiveCfg = Release|Any CPU
		{0379F388-73E0-49E5-A031-DD4789ADC95F}.Release|x86.Build.0 = Release|Any CPU
		{0DBB4A00-4649-41DB-9B30-8249EAB0F535}.Debug|Any CPU.ActiveCfg = Debug|Any CPU
		{0DBB4A00-4649-41DB-9B30-8249EAB0F535}.Debug|Any CPU.Build.0 = Debug|Any CPU
		{0DBB4A00-4649-41DB-9B30-8249EAB0F535}.Debug|x64.ActiveCfg = Debug|Any CPU
		{0DBB4A00-4649-41DB-9B30-8249EAB0F535}.Debug|x64.Build.0 = Debug|Any CPU
		{0DBB4A00-4649-41DB-9B30-8249EAB0F535}.Debug|x86.ActiveCfg = Debug|Any CPU
		{0DBB4A00-4649-41DB-9B30-8249EAB0F535}.Debug|x86.Build.0 = Debug|Any CPU
		{0DBB4A00-4649-41DB-9B30-8249EAB0F535}.Release|Any CPU.ActiveCfg = Release|Any CPU
		{0DBB4A00-4649-41DB-9B30-8249EAB0F535}.Release|Any CPU.Build.0 = Release|Any CPU
		{0DBB4A00-4649-41DB-9B30-8249EAB0F535}.Release|x64.ActiveCfg = Release|Any CPU
		{0DBB4A00-4649-41DB-9B30-8249EAB0F535}.Release|x64.Build.0 = Release|Any CPU
		{0DBB4A00-4649-41DB-9B30-8249EAB0F535}.Release|x86.ActiveCfg = Release|Any CPU
		{0DBB4A00-4649-41DB-9B30-8249EAB0F535}.Release|x86.Build.0 = Release|Any CPU
		{3547B08A-1787-4950-98BD-D9317DF4CFAC}.Debug|Any CPU.ActiveCfg = Debug|x64
		{3547B08A-1787-4950-98BD-D9317DF4CFAC}.Debug|x64.ActiveCfg = Debug|x64
		{3547B08A-1787-4950-98BD-D9317DF4CFAC}.Debug|x64.Build.0 = Debug|x64
		{3547B08A-1787-4950-98BD-D9317DF4CFAC}.Debug|x86.ActiveCfg = Debug|Win32
		{3547B08A-1787-4950-98BD-D9317DF4CFAC}.Debug|x86.Build.0 = Debug|Win32
		{3547B08A-1787-4950-98BD-D9317DF4CFAC}.Release|Any CPU.ActiveCfg = Release|Win32
		{3547B08A-1787-4950-98BD-D9317DF4CFAC}.Release|x64.ActiveCfg = Release|x64
		{3547B08A-1787-4950-98BD-D9317DF4CFAC}.Release|x64.Build.0 = Release|x64
		{3547B08A-1787-4950-98BD-D9317DF4CFAC}.Release|x86.ActiveCfg = Release|Win32
		{3547B08A-1787-4950-98BD-D9317DF4CFAC}.Release|x86.Build.0 = Release|Win32
	EndGlobalSection
	GlobalSection(SolutionProperties) = preSolution
		HideSolutionNode = FALSE
	EndGlobalSection
	GlobalSection(ExtensibilityGlobals) = postSolution
		SolutionGuid = {E257FE38-E63D-4F7E-A2BD-C6DD64CF3412}
	EndGlobalSection
EndGlobal
